// !$*UTF8*$!
{
	archiveVersion = 1;
	classes = {
	};
	objectVersion = 53;
	objects = {

/* Begin PBXBuildFile section */
		639FC18F2BCE870F00838B9F /* AppDelegate.swift in Sources */ = {isa = PBXBuildFile; fileRef = 639FC18E2BCE870F00838B9F /* AppDelegate.swift */; };
		639FC1912BCE870F00838B9F /* SceneDelegate.swift in Sources */ = {isa = PBXBuildFile; fileRef = 639FC1902BCE870F00838B9F /* SceneDelegate.swift */; };
		639FC1932BCE870F00838B9F /* ViewController.swift in Sources */ = {isa = PBXBuildFile; fileRef = 639FC1922BCE870F00838B9F /* ViewController.swift */; };
		639FC1962BCE870F00838B9F /* Main.storyboard in Resources */ = {isa = PBXBuildFile; fileRef = 639FC1942BCE870F00838B9F /* Main.storyboard */; };
		639FC1982BCE871600838B9F /* Assets.xcassets in Resources */ = {isa = PBXBuildFile; fileRef = 639FC1972BCE871600838B9F /* Assets.xcassets */; };
		639FC19B2BCE871600838B9F /* LaunchScreen.storyboard in Resources */ = {isa = PBXBuildFile; fileRef = 639FC1992BCE871600838B9F /* LaunchScreen.storyboard */; };
		639FC1A52BCE94B800838B9F /* PowerManager.swift in Sources */ = {isa = PBXBuildFile; fileRef = 639FC1A42BCE94B800838B9F /* PowerManager.swift */; };
		639FC1B02BCE984D00838B9F /* PowerModel.swift in Sources */ = {isa = PBXBuildFile; fileRef = 639FC1AF2BCE984D00838B9F /* PowerModel.swift */; };
		63A5096B2BF8AD5600E967D6 /* ReadMe.rtf in Resources */ = {isa = PBXBuildFile; fileRef = 63A5096A2BF8AD5600E967D6 /* ReadMe.rtf */; };
		63B28DFF2E6B644C00C7F683 /* README.md in Resources */ = {isa = PBXBuildFile; fileRef = 63B28DFE2E6B644C00C7F683 /* README.md */; };
/* End PBXBuildFile section */

/* Begin PBXFileReference section */
		639242A82BE7CBE800DAEBFF /* Consumation.entitlements */ = {isa = PBXFileReference; lastKnownFileType = text.plist.entitlements; path = Consumation.entitlements; sourceTree = "<group>"; };
		639FC18B2BCE870F00838B9F /* Consumation.app */ = {isa = PBXFileReference; explicitFileType = wrapper.application; includeInIndex = 0; path = Consumation.app; sourceTree = BUILT_PRODUCTS_DIR; };
		639FC18E2BCE870F00838B9F /* AppDelegate.swift */ = {isa = PBXFileReference; lastKnownFileType = sourcecode.swift; path = AppDelegate.swift; sourceTree = "<group>"; };
		639FC1902BCE870F00838B9F /* SceneDelegate.swift */ = {isa = PBXFileReference; lastKnownFileType = sourcecode.swift; path = SceneDelegate.swift; sourceTree = "<group>"; };
		639FC1922BCE870F00838B9F /* ViewController.swift */ = {isa = PBXFileReference; lastKnownFileType = sourcecode.swift; path = ViewController.swift; sourceTree = "<group>"; };
		639FC1952BCE870F00838B9F /* Base */ = {isa = PBXFileReference; lastKnownFileType = file.storyboard; name = Base; path = Base.lproj/Main.storyboard; sourceTree = "<group>"; };
		639FC1972BCE871600838B9F /* Assets.xcassets */ = {isa = PBXFileReference; lastKnownFileType = folder.assetcatalog; path = Assets.xcassets; sourceTree = "<group>"; };
		639FC19A2BCE871600838B9F /* Base */ = {isa = PBXFileReference; lastKnownFileType = file.storyboard; name = Base; path = Base.lproj/LaunchScreen.storyboard; sourceTree = "<group>"; };
		639FC19C2BCE871600838B9F /* Info.plist */ = {isa = PBXFileReference; lastKnownFileType = text.plist.xml; path = Info.plist; sourceTree = "<group>"; };
		639FC1A42BCE94B800838B9F /* PowerManager.swift */ = {isa = PBXFileReference; lastKnownFileType = sourcecode.swift; path = PowerManager.swift; sourceTree = "<group>"; };
		639FC1AF2BCE984D00838B9F /* PowerModel.swift */ = {isa = PBXFileReference; lastKnownFileType = sourcecode.swift; path = PowerModel.swift; sourceTree = "<group>"; };
		63A5096A2BF8AD5600E967D6 /* ReadMe.rtf */ = {isa = PBXFileReference; lastKnownFileType = text.rtf; path = ReadMe.rtf; sourceTree = "<group>"; };
		63B28DFE2E6B644C00C7F683 /* README.md */ = {isa = PBXFileReference; fileEncoding = 4; lastKnownFileType = net.daringfireball.markdown; path = README.md; sourceTree = "<group>"; };
/* End PBXFileReference section */

/* Begin PBXFrameworksBuildPhase section */
		639FC1882BCE870F00838B9F /* Frameworks */ = {
			isa = PBXFrameworksBuildPhase;
			buildActionMask = 2147483647;
			files = (
			);
			runOnlyForDeploymentPostprocessing = 0;
		};
/* End PBXFrameworksBuildPhase section */

/* Begin PBXGroup section */
		639FC1822BCE870F00838B9F = {
			isa = PBXGroup;
			children = (
				639FC18D2BCE870F00838B9F /* Consumation */,
				639FC18C2BCE870F00838B9F /* Products */,
			);
			sourceTree = "<group>";
		};
		639FC18C2BCE870F00838B9F /* Products */ = {
			isa = PBXGroup;
			children = (
				639FC18B2BCE870F00838B9F /* Consumation.app */,
			);
			name = Products;
			sourceTree = "<group>";
		};
		639FC18D2BCE870F00838B9F /* Consumation */ = {
			isa = PBXGroup;
			children = (
				63B28DFE2E6B644C00C7F683 /* README.md */,
				639242A82BE7CBE800DAEBFF /* Consumation.entitlements */,
				63A5096A2BF8AD5600E967D6 /* ReadMe.rtf */,
				639FC1A32BCE949C00838B9F /* Model */,
				639FC18E2BCE870F00838B9F /* AppDelegate.swift */,
				639FC1902BCE870F00838B9F /* SceneDelegate.swift */,
				639FC1922BCE870F00838B9F /* ViewController.swift */,
				639FC1942BCE870F00838B9F /* Main.storyboard */,
				639FC1972BCE871600838B9F /* Assets.xcassets */,
				639FC1992BCE871600838B9F /* LaunchScreen.storyboard */,
				639FC19C2BCE871600838B9F /* Info.plist */,
			);
			path = Consumation;
			sourceTree = "<group>";
		};
		639FC1A32BCE949C00838B9F /* Model */ = {
			isa = PBXGroup;
			children = (
				639FC1A42BCE94B800838B9F /* PowerManager.swift */,
				639FC1AF2BCE984D00838B9F /* PowerModel.swift */,
			);
			path = Model;
			sourceTree = "<group>";
		};
/* End PBXGroup section */

/* Begin PBXNativeTarget section */
		639FC18A2BCE870F00838B9F /* Consumation */ = {
			isa = PBXNativeTarget;
			buildConfigurationList = 639FC19F2BCE871600838B9F /* Build configuration list for PBXNativeTarget "Consumation" */;
			buildPhases = (
				639FC1872BCE870F00838B9F /* Sources */,
				639FC1882BCE870F00838B9F /* Frameworks */,
				639FC1892BCE870F00838B9F /* Resources */,
			);
			buildRules = (
			);
			dependencies = (
			);
			name = Consumation;
			productName = Consumation;
			productReference = 639FC18B2BCE870F00838B9F /* Consumation.app */;
			productType = "com.apple.product-type.application";
		};
/* End PBXNativeTarget section */

/* Begin PBXProject section */
		639FC1832BCE870F00838B9F /* Project object */ = {
			isa = PBXProject;
			attributes = {
				BuildIndependentTargetsInParallel = YES;
				LastSwiftUpdateCheck = 1240;
				LastUpgradeCheck = 1530;
				TargetAttributes = {
					639FC18A2BCE870F00838B9F = {
						CreatedOnToolsVersion = 12.4;
					};
				};
			};
			buildConfigurationList = 639FC1862BCE870F00838B9F /* Build configuration list for PBXProject "Consumation" */;
			compatibilityVersion = "Xcode 9.3";
			developmentRegion = en;
			hasScannedForEncodings = 0;
			knownRegions = (
				en,
				Base,
			);
			mainGroup = 639FC1822BCE870F00838B9F;
			productRefGroup = 639FC18C2BCE870F00838B9F /* Products */;
			projectDirPath = "";
			projectRoot = "";
			targets = (
				639FC18A2BCE870F00838B9F /* Consumation */,
			);
		};
/* End PBXProject section */

/* Begin PBXResourcesBuildPhase section */
		639FC1892BCE870F00838B9F /* Resources */ = {
			isa = PBXResourcesBuildPhase;
			buildActionMask = 2147483647;
			files = (
				639FC19B2BCE871600838B9F /* LaunchScreen.storyboard in Resources */,
				639FC1982BCE871600838B9F /* Assets.xcassets in Resources */,
				63B28DFF2E6B644C00C7F683 /* README.md in Resources */,
				63A5096B2BF8AD5600E967D6 /* ReadMe.rtf in Resources */,
				639FC1962BCE870F00838B9F /* Main.storyboard in Resources */,
			);
			runOnlyForDeploymentPostprocessing = 0;
		};
/* End PBXResourcesBuildPhase section */

/* Begin PBXSourcesBuildPhase section */
		639FC1872BCE870F00838B9F /* Sources */ = {
			isa = PBXSourcesBuildPhase;
			buildActionMask = 2147483647;
			files = (
				639FC1932BCE870F00838B9F /* ViewController.swift in Sources */,
				639FC18F2BCE870F00838B9F /* AppDelegate.swift in Sources */,
				639FC1912BCE870F00838B9F /* SceneDelegate.swift in Sources */,
				639FC1A52BCE94B800838B9F /* PowerManager.swift in Sources */,
				639FC1B02BCE984D00838B9F /* PowerModel.swift in Sources */,
			);
			runOnlyForDeploymentPostprocessing = 0;
		};
/* End PBXSourcesBuildPhase section */

/* Begin PBXVariantGroup section */
		639FC1942BCE870F00838B9F /* Main.storyboard */ = {
			isa = PBXVariantGroup;
			children = (
				639FC1952BCE870F00838B9F /* Base */,
			);
			name = Main.storyboard;
			sourceTree = "<group>";
		};
		639FC1992BCE871600838B9F /* LaunchScreen.storyboard */ = {
			isa = PBXVariantGroup;
			children = (
				639FC19A2BCE871600838B9F /* Base */,
			);
			name = LaunchScreen.storyboard;
			sourceTree = "<group>";
		};
/* End PBXVariantGroup section */

/* Begin XCBuildConfiguration section */
		639FC19D2BCE871600838B9F /* Debug */ = {
			isa = XCBuildConfiguration;
			buildSettings = {
				ALWAYS_SEARCH_USER_PATHS = NO;
				CLANG_ANALYZER_NONNULL = YES;
				CLANG_ANALYZER_NUMBER_OBJECT_CONVERSION = YES_AGGRESSIVE;
				CLANG_CXX_LANGUAGE_STANDARD = "gnu++14";
				CLANG_CXX_LIBRARY = "libc++";
				CLANG_ENABLE_MODULES = YES;
				CLANG_ENABLE_OBJC_ARC = YES;
				CLANG_ENABLE_OBJC_WEAK = YES;
				CLANG_WARN_BLOCK_CAPTURE_AUTORELEASING = YES;
				CLANG_WARN_BOOL_CONVERSION = YES;
				CLANG_WARN_COMMA = YES;
				CLANG_WARN_CONSTANT_CONVERSION = YES;
				CLANG_WARN_DEPRECATED_OBJC_IMPLEMENTATIONS = YES;
				CLANG_WARN_DIRECT_OBJC_ISA_USAGE = YES_ERROR;
				CLANG_WARN_DOCUMENTATION_COMMENTS = YES;
				CLANG_WARN_EMPTY_BODY = YES;
				CLANG_WARN_ENUM_CONVERSION = YES;
				CLANG_WARN_INFINITE_RECURSION = YES;
				CLANG_WARN_INT_CONVERSION = YES;
				CLANG_WARN_NON_LITERAL_NULL_CONVERSION = YES;
				CLANG_WARN_OBJC_IMPLICIT_RETAIN_SELF = YES;
				CLANG_WARN_OBJC_LITERAL_CONVERSION = YES;
				CLANG_WARN_OBJC_ROOT_CLASS = YES_ERROR;
				CLANG_WARN_QUOTED_INCLUDE_IN_FRAMEWORK_HEADER = YES;
				CLANG_WARN_RANGE_LOOP_ANALYSIS = YES;
				CLANG_WARN_STRICT_PROTOTYPES = YES;
				CLANG_WARN_SUSPICIOUS_MOVE = YES;
				CLANG_WARN_UNGUARDED_AVAILABILITY = YES_AGGRESSIVE;
				CLANG_WARN_UNREACHABLE_CODE = YES;
				CLANG_WARN__DUPLICATE_METHOD_MATCH = YES;
				COPY_PHASE_STRIP = NO;
				DEBUG_INFORMATION_FORMAT = dwarf;
				ENABLE_STRICT_OBJC_MSGSEND = YES;
				ENABLE_TESTABILITY = YES;
				ENABLE_USER_SCRIPT_SANDBOXING = YES;
				GCC_C_LANGUAGE_STANDARD = gnu11;
				GCC_DYNAMIC_NO_PIC = NO;
				GCC_NO_COMMON_BLOCKS = YES;
				GCC_OPTIMIZATION_LEVEL = 0;
				GCC_PREPROCESSOR_DEFINITIONS = (
					"DEBUG=1",
					"$(inherited)",
				);
				GCC_WARN_64_TO_32_BIT_CONVERSION = YES;
				GCC_WARN_ABOUT_RETURN_TYPE = YES_ERROR;
				GCC_WARN_UNDECLARED_SELECTOR = YES;
				GCC_WARN_UNINITIALIZED_AUTOS = YES_AGGRESSIVE;
				GCC_WARN_UNUSED_FUNCTION = YES;
				GCC_WARN_UNUSED_VARIABLE = YES;
				IPHONEOS_DEPLOYMENT_TARGET = 14.4;
				MTL_ENABLE_DEBUG_INFO = INCLUDE_SOURCE;
				MTL_FAST_MATH = YES;
				ONLY_ACTIVE_ARCH = YES;
				SDKROOT = iphoneos;
				SWIFT_ACTIVE_COMPILATION_CONDITIONS = DEBUG;
				SWIFT_OPTIMIZATION_LEVEL = "-Onone";
			};
			name = Debug;
		};
		639FC19E2BCE871600838B9F /* Release */ = {
			isa = XCBuildConfiguration;
			buildSettings = {
				ALWAYS_SEARCH_USER_PATHS = NO;
				CLANG_ANALYZER_NONNULL = YES;
				CLANG_ANALYZER_NUMBER_OBJECT_CONVERSION = YES_AGGRESSIVE;
				CLANG_CXX_LANGUAGE_STANDARD = "gnu++14";
				CLANG_CXX_LIBRARY = "libc++";
				CLANG_ENABLE_MODULES = YES;
				CLANG_ENABLE_OBJC_ARC = YES;
				CLANG_ENABLE_OBJC_WEAK = YES;
				CLANG_WARN_BLOCK_CAPTURE_AUTORELEASING = YES;
				CLANG_WARN_BOOL_CONVERSION = YES;
				CLANG_WARN_COMMA = YES;
				CLANG_WARN_CONSTANT_CONVERSION = YES;
				CLANG_WARN_DEPRECATED_OBJC_IMPLEMENTATIONS = YES;
				CLANG_WARN_DIRECT_OBJC_ISA_USAGE = YES_ERROR;
				CLANG_WARN_DOCUMENTATION_COMMENTS = YES;
				CLANG_WARN_EMPTY_BODY = YES;
				CLANG_WARN_ENUM_CONVERSION = YES;
				CLANG_WARN_INFINITE_RECURSION = YES;
				CLANG_WARN_INT_CONVERSION = YES;
				CLANG_WARN_NON_LITERAL_NULL_CONVERSION = YES;
				CLANG_WARN_OBJC_IMPLICIT_RETAIN_SELF = YES;
				CLANG_WARN_OBJC_LITERAL_CONVERSION = YES;
				CLANG_WARN_OBJC_ROOT_CLASS = YES_ERROR;
				CLANG_WARN_QUOTED_INCLUDE_IN_FRAMEWORK_HEADER = YES;
				CLANG_WARN_RANGE_LOOP_ANALYSIS = YES;
				CLANG_WARN_STRICT_PROTOTYPES = YES;
				CLANG_WARN_SUSPICIOUS_MOVE = YES;
				CLANG_WARN_UNGUARDED_AVAILABILITY = YES_AGGRESSIVE;
				CLANG_WARN_UNREACHABLE_CODE = YES;
				CLANG_WARN__DUPLICATE_METHOD_MATCH = YES;
				COPY_PHASE_STRIP = NO;
				DEBUG_INFORMATION_FORMAT = "dwarf-with-dsym";
				ENABLE_NS_ASSERTIONS = NO;
				ENABLE_STRICT_OBJC_MSGSEND = YES;
				ENABLE_USER_SCRIPT_SANDBOXING = YES;
				GCC_C_LANGUAGE_STANDARD = gnu11;
				GCC_NO_COMMON_BLOCKS = YES;
				GCC_WARN_64_TO_32_BIT_CONVERSION = YES;
				GCC_WARN_ABOUT_RETURN_TYPE = YES_ERROR;
				GCC_WARN_UNDECLARED_SELECTOR = YES;
				GCC_WARN_UNINITIALIZED_AUTOS = YES_AGGRESSIVE;
				GCC_WARN_UNUSED_FUNCTION = YES;
				GCC_WARN_UNUSED_VARIABLE = YES;
				IPHONEOS_DEPLOYMENT_TARGET = 14.4;
				MTL_ENABLE_DEBUG_INFO = NO;
				MTL_FAST_MATH = YES;
				SDKROOT = iphoneos;
				SWIFT_COMPILATION_MODE = wholemodule;
				SWIFT_OPTIMIZATION_LEVEL = "-O";
				VALIDATE_PRODUCT = YES;
			};
			name = Release;
		};
		639FC1A02BCE871600838B9F /* Debug */ = {
			isa = XCBuildConfiguration;
			buildSettings = {
				ASSETCATALOG_COMPILER_APPICON_NAME = AppIcon;
				ASSETCATALOG_COMPILER_GLOBAL_ACCENT_COLOR_NAME = AccentColor;
				CODE_SIGN_ENTITLEMENTS = Consumation/Consumation.entitlements;
				CODE_SIGN_STYLE = Automatic;
				DEVELOPMENT_TEAM = R4VHBM8FV2;
				INFOPLIST_FILE = Consumation/Info.plist;
				IPHONEOS_DEPLOYMENT_TARGET = 10.2;
				LD_RUNPATH_SEARCH_PATHS = (
					"$(inherited)",
					"@executable_path/Frameworks",
				);
				PRODUCT_BUNDLE_IDENTIFIER = com.mk.montecalvo.Consumation;
				PRODUCT_NAME = "$(TARGET_NAME)";
				SUPPORTS_MACCATALYST = NO;
				SWIFT_VERSION = 5.0;
				TARGETED_DEVICE_FAMILY = 1;
			};
			name = Debug;
		};
		639FC1A12BCE871600838B9F /* Release */ = {
			isa = XCBuildConfiguration;
			buildSettings = {
				ASSETCATALOG_COMPILER_APPICON_NAME = AppIcon;
				ASSETCATALOG_COMPILER_GLOBAL_ACCENT_COLOR_NAME = AccentColor;
				CODE_SIGN_ENTITLEMENTS = Consumation/Consumation.entitlements;
				CODE_SIGN_STYLE = Automatic;
				DEVELOPMENT_TEAM = R4VHBM8FV2;
				INFOPLIST_FILE = Consumation/Info.plist;
				IPHONEOS_DEPLOYMENT_TARGET = 10.2;
				LD_RUNPATH_SEARCH_PATHS = (
					"$(inherited)",
					"@executable_path/Frameworks",
				);
				ONLY_ACTIVE_ARCH = YES;
				PRODUCT_BUNDLE_IDENTIFIER = com.mk.montecalvo.Consumation;
				PRODUCT_NAME = "$(TARGET_NAME)";
				SUPPORTS_MACCATALYST = NO;
				SWIFT_VERSION = 5.0;
				TARGETED_DEVICE_FAMILY = 1;
			};
			name = Release;
		};
/* End XCBuildConfiguration section */

/* Begin XCConfigurationList section */
		639FC1862BCE870F00838B9F /* Build configuration list for PBXProject "Consumation" */ = {
			isa = XCConfigurationList;
			buildConfigurations = (
				639FC19D2BCE871600838B9F /* Debug */,
				639FC19E2BCE871600838B9F /* Release */,
			);
			defaultConfigurationIsVisible = 0;
			defaultConfigurationName = Release;
		};
		639FC19F2BCE871600838B9F /* Build configuration list for PBXNativeTarget "Consumation" */ = {
			isa = XCConfigurationList;
			buildConfigurations = (
				639FC1A02BCE871600838B9F /* Debug */,
				639FC1A12BCE871600838B9F /* Release */,
			);
			defaultConfigurationIsVisible = 0;
			defaultConfigurationName = Release;
		};
/* End XCConfigurationList section */
	};
	rootObject = 639FC1832BCE870F00838B9F /* Project object */;
}
